
Microsoft Visual Studio Solution File, Format Version 12.00
# Visual Studio Version 17
VisualStudioVersion = 17.3.32922.545
MinimumVisualStudioVersion = 10.0.40219.1
Project("{FAE04EC0-301F-11D3-BF4B-00C04F79EFBC}") = "MultidimensionalArrays", "MultidimensionalArrays\MultidimensionalArrays.csproj", "{AFBE4AB2-1381-4D40-9E47-3DDB5673E511}"
EndProject
Global
	GlobalSection(SolutionConfigurationPlatforms) = preSolution
		Debug|Any CPU = Debug|Any CPU
		Release|Any CPU = Release|Any CPU
	EndGlobalSection
	GlobalSection(ProjectConfigurationPlatforms) = postSolution
		{AFBE4AB2-1381-4D40-9E47-3DDB5673E511}.Debug|Any CPU.ActiveCfg = Debug|Any CPU
		{AFBE4AB2-1381-4D40-9E47-3DDB5673E511}.Debug|Any CPU.Build.0 = Debug|Any CPU
		{AFBE4AB2-1381-4D40-9E47-3DDB5673E511}.Release|Any CPU.ActiveCfg = Release|Any CPU
		{AFBE4AB2-1381-4D40-9E47-3DDB5673E511}.Release|Any CPU.Build.0 = Release|Any CPU
	EndGlobalSection
	GlobalSection(SolutionProperties) = preSolution
		HideSolutionNode = FALSE
	EndGlobalSection
	GlobalSection(ExtensibilityGlobals) = postSolution
		SolutionGuid = {AB933639-32DB-425A-83F7-5BD9B49656DE}
	EndGlobalSection
EndGlobal
